{
  "nodes": {
    "fenix": {
      "inputs": {
        "nixpkgs": [
          "nixpkgs"
        ],
        "rust-analyzer-src": "rust-analyzer-src"
      },
      "locked": {
        "lastModified": 1728196311,
        "narHash": "sha256-JoDDlmjPj0sGo1beOo3bRh7BDppm0Kuet7I7BqTmSl4=",
        "owner": "nix-community",
        "repo": "fenix",
        "rev": "26971356e387b5ec0578f52be1bbd82ecf6dbad4",
        "type": "github"
      },
      "original": {
        "owner": "nix-community",
        "repo": "fenix",
        "type": "github"
      }
    },
    "flake-utils": {
      "inputs": {
        "systems": "systems"
      },
      "locked": {
        "lastModified": 1726560853,
        "narHash": "sha256-X6rJYSESBVr3hBoH0WbKE5KvhPU5bloyZ2L4K60/fPQ=",
        "owner": "numtide",
        "repo": "flake-utils",
        "rev": "c1dfcf08411b08f6b8615f7d8971a2bfa81d5e8a",
        "type": "github"
      },
      "original": {
        "owner": "numtide",
        "repo": "flake-utils",
        "type": "github"
      }
    },
    "flake-utils_2": {
      "locked": {
        "lastModified": 1659877975,
        "narHash": "sha256-zllb8aq3YO3h8B/U0/J1WBgAL8EX5yWf5pMj3G0NAmc=",
        "owner": "numtide",
        "repo": "flake-utils",
        "rev": "c0e246b9b83f637f4681389ecabcb2681b4f3af0",
        "type": "github"
      },
      "original": {
        "owner": "numtide",
        "repo": "flake-utils",
        "type": "github"
      }
    },
    "home-manager": {
      "inputs": {
        "nixpkgs": [
          "nixpkgs"
        ]
      },
      "locked": {
        "lastModified": 1726989464,
        "narHash": "sha256-Vl+WVTJwutXkimwGprnEtXc/s/s8sMuXzqXaspIGlwM=",
        "owner": "nix-community",
        "repo": "home-manager",
        "rev": "2f23fa308a7c067e52dfcc30a0758f47043ec176",
        "type": "github"
      },
      "original": {
        "owner": "nix-community",
        "ref": "release-24.05",
        "repo": "home-manager",
        "type": "github"
      }
    },
    "nix-darwin": {
      "inputs": {
        "nixpkgs": [
          "nixpkgs"
        ]
      },
      "locked": {
        "lastModified": 1727999297,
        "narHash": "sha256-LTJuQPCsSItZ/8TieFeP30iY+uaLoD0mT0tAj1gLeyQ=",
        "owner": "LnL7",
        "repo": "nix-darwin",
        "rev": "8c8388ade72e58efdeae71b4cbb79e872c23a56b",
        "type": "github"
      },
      "original": {
        "owner": "LnL7",
        "repo": "nix-darwin",
        "type": "github"
      }
    },
    "nixgl": {
      "inputs": {
        "flake-utils": "flake-utils_2",
        "nixpkgs": [
          "nixpkgs"
        ]
      },
      "locked": {
        "lastModified": 1713543440,
        "narHash": "sha256-lnzZQYG0+EXl/6NkGpyIz+FEOc/DSEG57AP1VsdeNrM=",
        "owner": "nix-community",
        "repo": "nixGL",
        "rev": "310f8e49a149e4c9ea52f1adf70cdc768ec53f8a",
        "type": "github"
      },
      "original": {
        "owner": "nix-community",
        "repo": "nixGL",
        "type": "github"
      }
    },
    "nixpkgs": {
      "locked": {
        "lastModified": 1728193676,
        "narHash": "sha256-PbDWAIjKJdlVg+qQRhzdSor04bAPApDqIv2DofTyynk=",
        "owner": "NixOS",
        "repo": "nixpkgs",
        "rev": "ecbc1ca8ffd6aea8372ad16be9ebbb39889e55b6",
        "type": "github"
      },
      "original": {
        "owner": "NixOS",
        "ref": "nixos-24.05",
        "repo": "nixpkgs",
        "type": "github"
      }
    },
    "nixpkgs-23_11": {
      "locked": {
        "lastModified": 1720535198,
        "narHash": "sha256-zwVvxrdIzralnSbcpghA92tWu2DV2lwv89xZc8MTrbg=",
        "owner": "NixOS",
        "repo": "nixpkgs",
        "rev": "205fd4226592cc83fd4c0885a3e4c9c400efabb5",
        "type": "github"
      },
      "original": {
        "owner": "NixOS",
        "ref": "nixos-23.11",
        "repo": "nixpkgs",
        "type": "github"
      }
    },
    "nixpkgs-unstable": {
      "locked": {
        "lastModified": 1728018373,
        "narHash": "sha256-NOiTvBbRLIOe5F6RbHaAh6++BNjsb149fGZd1T4+KBg=",
        "owner": "NixOS",
        "repo": "nixpkgs",
        "rev": "bc947f541ae55e999ffdb4013441347d83b00feb",
        "type": "github"
      },
      "original": {
        "owner": "NixOS",
        "ref": "nixos-unstable",
        "repo": "nixpkgs",
        "type": "github"
      }
    },
    "root": {
      "inputs": {
        "fenix": "fenix",
        "flake-utils": "flake-utils",
        "home-manager": "home-manager",
        "nix-darwin": "nix-darwin",
        "nixgl": "nixgl",
        "nixpkgs": "nixpkgs",
        "nixpkgs-23_11": "nixpkgs-23_11",
        "nixpkgs-unstable": "nixpkgs-unstable"
      }
    },
    "rust-analyzer-src": {
      "flake": false,
      "locked": {
        "lastModified": 1728064742,
        "narHash": "sha256-tFvUGvqUZjES1yxYT2zEFiTAE0iQKYd+eWKX/6ZqeVw=",
        "owner": "rust-lang",
        "repo": "rust-analyzer",
        "rev": "5982d9c420d0dc90739171829f0d2e9c80d98979",
        "type": "github"
      },
      "original": {
        "owner": "rust-lang",
        "ref": "nightly",
        "repo": "rust-analyzer",
        "type": "github"
      }
    },
    "systems": {
      "locked": {
        "lastModified": 1681028828,
        "narHash": "sha256-Vy1rq5AaRuLzOxct8nz4T6wlgyUR7zLU309k9mBC768=",
        "owner": "nix-systems",
        "repo": "default",
        "rev": "da67096a3b9bf56a91d16901293e51ba5b49a27e",
        "type": "github"
      },
      "original": {
        "owner": "nix-systems",
        "repo": "default",
        "type": "github"
      }
    }
  },
  "root": "root",
  "version": 7
}
